
Microsoft Visual Studio Solution File, Format Version 12.00
# Visual Studio Version 17
VisualStudioVersion = 17.3.32929.385
MinimumVisualStudioVersion = 10.0.40219.1
Project("{FAE04EC0-301F-11D3-BF4B-00C04F79EFBC}") = "MobileReload", "MobileReload\MobileReload.csproj", "{0F5110BF-A7ED-4B12-A94A-4F2C28A1174B}"
EndProject
Global
	GlobalSection(SolutionConfigurationPlatforms) = preSolution
		Debug|Any CPU = Debug|Any CPU
		Release|Any CPU = Release|Any CPU
	EndGlobalSection
	GlobalSection(ProjectConfigurationPlatforms) = postSolution
		{0F5110BF-A7ED-4B12-A94A-4F2C28A1174B}.Debug|Any CPU.ActiveCfg = Debug|Any CPU
		{0F5110BF-A7ED-4B12-A94A-4F2C28A1174B}.Debug|Any CPU.Build.0 = Debug|Any CPU
		{0F5110BF-A7ED-4B12-A94A-4F2C28A1174B}.Release|Any CPU.ActiveCfg = Release|Any CPU
		{0F5110BF-A7ED-4B12-A94A-4F2C28A1174B}.Release|Any CPU.Build.0 = Release|Any CPU
	EndGlobalSection
	GlobalSection(SolutionProperties) = preSolution
		HideSolutionNode = FALSE
	EndGlobalSection
	GlobalSection(ExtensibilityGlobals) = postSolution
		SolutionGuid = {0E877FBB-910C-47C2-A779-F0847E88FFA2}
	EndGlobalSection
EndGlobal
